
Microsoft Visual Studio Solution File, Format Version 12.00
# Visual Studio 15
VisualStudioVersion = 15.0.28307.852
MinimumVisualStudioVersion = 10.0.40219.1
Project("{D2ABAB84-BF74-430A-B69E-9DC6D40DDA17}") = "MultidimensionalProject1", "MultidimensionalProject1\MultidimensionalProject1.dwproj", "{3A05833E-B354-46F1-ABB5-F386753265D3}"
EndProject
Global
	GlobalSection(SolutionConfigurationPlatforms) = preSolution
		Development|Default = Development|Default
	EndGlobalSection
	GlobalSection(ProjectConfigurationPlatforms) = postSolution
		{3A05833E-B354-46F1-ABB5-F386753265D3}.Development|Default.ActiveCfg = Development
		{3A05833E-B354-46F1-ABB5-F386753265D3}.Development|Default.Build.0 = Development
		{3A05833E-B354-46F1-ABB5-F386753265D3}.Development|Default.Deploy.0 = Development
	EndGlobalSection
	GlobalSection(SolutionProperties) = preSolution
		HideSolutionNode = FALSE
	EndGlobalSection
	GlobalSection(ExtensibilityGlobals) = postSolution
		SolutionGuid = {EB38D205-301C-41CD-A1CE-56D3255EFADA}
	EndGlobalSection
EndGlobal
